
Microsoft Visual Studio Solution File, Format Version 12.00
# Visual Studio Version 17
VisualStudioVersion = 17.12.35527.113
MinimumVisualStudioVersion = 10.0.40219.1
Project("{FAE04EC0-301F-11D3-BF4B-00C04F79EFBC}") = "Governate_ERP_System.Domain", "..\Governate_ERP_System.Domain\Governate_ERP_System.Domain.csproj", "{6C8DAD16-220A-4F37-9F3D-EDF871C19CD0}"
EndProject
Project("{FAE04EC0-301F-11D3-BF4B-00C04F79EFBC}") = "Governate_ERP_System.Application", "..\Governate_ERP_System.Application\Governate_ERP_System.Application.csproj", "{480FF8B7-4E3D-4AAA-87E6-D540F3348575}"
EndProject
Project("{FAE04EC0-301F-11D3-BF4B-00C04F79EFBC}") = "Governate_ERP_System.Infrastructure", "..\Governate_ERP_System.Infrastructure\Governate_ERP_System.Infrastructure.csproj", "{FF583576-D647-4AEB-9D71-E97200C5954F}"
EndProject
Project("{FAE04EC0-301F-11D3-BF4B-00C04F79EFBC}") = "Governate_ERP_System", "Governate_ERP_System\Governate_ERP_System.csproj", "{6CCBEFFE-FAB1-4FB2-BACA-6CC0C5918CD2}"
EndProject
Global
	GlobalSection(SolutionConfigurationPlatforms) = preSolution
		Debug|Any CPU = Debug|Any CPU
		Release|Any CPU = Release|Any CPU
	EndGlobalSection
	GlobalSection(ProjectConfigurationPlatforms) = postSolution
		{6C8DAD16-220A-4F37-9F3D-EDF871C19CD0}.Debug|Any CPU.ActiveCfg = Debug|Any CPU
		{6C8DAD16-220A-4F37-9F3D-EDF871C19CD0}.Debug|Any CPU.Build.0 = Debug|Any CPU
		{6C8DAD16-220A-4F37-9F3D-EDF871C19CD0}.Release|Any CPU.ActiveCfg = Release|Any CPU
		{6C8DAD16-220A-4F37-9F3D-EDF871C19CD0}.Release|Any CPU.Build.0 = Release|Any CPU
		{480FF8B7-4E3D-4AAA-87E6-D540F3348575}.Debug|Any CPU.ActiveCfg = Debug|Any CPU
		{480FF8B7-4E3D-4AAA-87E6-D540F3348575}.Debug|Any CPU.Build.0 = Debug|Any CPU
		{480FF8B7-4E3D-4AAA-87E6-D540F3348575}.Release|Any CPU.ActiveCfg = Release|Any CPU
		{480FF8B7-4E3D-4AAA-87E6-D540F3348575}.Release|Any CPU.Build.0 = Release|Any CPU
		{FF583576-D647-4AEB-9D71-E97200C5954F}.Debug|Any CPU.ActiveCfg = Debug|Any CPU
		{FF583576-D647-4AEB-9D71-E97200C5954F}.Debug|Any CPU.Build.0 = Debug|Any CPU
		{FF583576-D647-4AEB-9D71-E97200C5954F}.Release|Any CPU.ActiveCfg = Release|Any CPU
		{FF583576-D647-4AEB-9D71-E97200C5954F}.Release|Any CPU.Build.0 = Release|Any CPU
		{6CCBEFFE-FAB1-4FB2-BACA-6CC0C5918CD2}.Debug|Any CPU.ActiveCfg = Debug|Any CPU
		{6CCBEFFE-FAB1-4FB2-BACA-6CC0C5918CD2}.Debug|Any CPU.Build.0 = Debug|Any CPU
		{6CCBEFFE-FAB1-4FB2-BACA-6CC0C5918CD2}.Release|Any CPU.ActiveCfg = Release|Any CPU
		{6CCBEFFE-FAB1-4FB2-BACA-6CC0C5918CD2}.Release|Any CPU.Build.0 = Release|Any CPU
	EndGlobalSection
	GlobalSection(SolutionProperties) = preSolution
		HideSolutionNode = FALSE
	EndGlobalSection
EndGlobal
